
Microsoft Visual Studio Solution File, Format Version 12.00
# Visual Studio Version 17
VisualStudioVersion = 17.3.32611.2
MinimumVisualStudioVersion = 10.0.40219.1
Project("{9A19103F-16F7-4668-BE54-9A1E7A4F7556}") = "BookingAndReservationSystems.Domain", "src\BookingAndReservationSystems.Domain\BookingAndReservationSystems.Domain.csproj", "{554AD327-6DBA-4F8F-96F8-81CE7A0C863F}"
EndProject
Project("{9A19103F-16F7-4668-BE54-9A1E7A4F7556}") = "BookingAndReservationSystems.Application", "src\BookingAndReservationSystems.Application\BookingAndReservationSystems.Application.csproj", "{1A94A50E-06DC-43C1-80B5-B662820EC3EB}"
EndProject
Project("{9A19103F-16F7-4668-BE54-9A1E7A4F7556}") = "BookingAndReservationSystems.EntityFrameworkCore", "src\BookingAndReservationSystems.EntityFrameworkCore\BookingAndReservationSystems.EntityFrameworkCore.csproj", "{C956DD76-69C8-4A9C-83EA-D17DF83340FD}"
EndProject
Project("{2150E333-8FDC-42A3-9474-1A3956D46DE8}") = "src", "src", "{CA9AC87F-097E-4F15-8393-4BC07735A5B0}"
EndProject
Project("{2150E333-8FDC-42A3-9474-1A3956D46DE8}") = "test", "test", "{04DBDB01-70F4-4E06-B468-8F87850B22BE}"
EndProject
Project("{9A19103F-16F7-4668-BE54-9A1E7A4F7556}") = "BookingAndReservationSystems.Application.Tests", "test\BookingAndReservationSystems.Application.Tests\BookingAndReservationSystems.Application.Tests.csproj", "{50B2631D-129C-47B3-A587-029CCD6099BC}"
EndProject
Project("{9A19103F-16F7-4668-BE54-9A1E7A4F7556}") = "BookingAndReservationSystems.Domain.Shared", "src\BookingAndReservationSystems.Domain.Shared\BookingAndReservationSystems.Domain.Shared.csproj", "{42F719ED-8413-4895-B5B4-5AB56079BC66}"
EndProject
Project("{9A19103F-16F7-4668-BE54-9A1E7A4F7556}") = "BookingAndReservationSystems.Application.Contracts", "src\BookingAndReservationSystems.Application.Contracts\BookingAndReservationSystems.Application.Contracts.csproj", "{520659C8-C734-4298-A3DA-B539DB9DFC0B}"
EndProject
Project("{9A19103F-16F7-4668-BE54-9A1E7A4F7556}") = "BookingAndReservationSystems.HttpApi", "src\BookingAndReservationSystems.HttpApi\BookingAndReservationSystems.HttpApi.csproj", "{4164BDF7-F527-4E85-9CE6-E3C2D7426A27}"
EndProject
Project("{9A19103F-16F7-4668-BE54-9A1E7A4F7556}") = "BookingAndReservationSystems.HttpApi.Client", "src\BookingAndReservationSystems.HttpApi.Client\BookingAndReservationSystems.HttpApi.Client.csproj", "{3B5A0094-670D-4BB1-BFDD-61B88A8773DC}"
EndProject
Project("{9A19103F-16F7-4668-BE54-9A1E7A4F7556}") = "BookingAndReservationSystems.EntityFrameworkCore.Tests", "test\BookingAndReservationSystems.EntityFrameworkCore.Tests\BookingAndReservationSystems.EntityFrameworkCore.Tests.csproj", "{1FE30EB9-74A9-47F5-A9F6-7B1FAB672D81}"
EndProject
Project("{9A19103F-16F7-4668-BE54-9A1E7A4F7556}") = "BookingAndReservationSystems.TestBase", "test\BookingAndReservationSystems.TestBase\BookingAndReservationSystems.TestBase.csproj", "{91853F21-9CD9-4132-BC29-A7D5D84FFFE7}"
EndProject
Project("{9A19103F-16F7-4668-BE54-9A1E7A4F7556}") = "BookingAndReservationSystems.Domain.Tests", "test\BookingAndReservationSystems.Domain.Tests\BookingAndReservationSystems.Domain.Tests.csproj", "{E512F4D9-9375-480F-A2F6-A46509F9D824}"
EndProject
Project("{9A19103F-16F7-4668-BE54-9A1E7A4F7556}") = "BookingAndReservationSystems.HttpApi.Client.ConsoleTestApp", "test\BookingAndReservationSystems.HttpApi.Client.ConsoleTestApp\BookingAndReservationSystems.HttpApi.Client.ConsoleTestApp.csproj", "{EF480016-9127-4916-8735-D2466BDBC582}"
EndProject
Project("{9A19103F-16F7-4668-BE54-9A1E7A4F7556}") = "BookingAndReservationSystems.DbMigrator", "src\BookingAndReservationSystems.DbMigrator\BookingAndReservationSystems.DbMigrator.csproj", "{70680696-BB1E-4383-BCB2-42C3767171FB}"
EndProject
Project("{9A19103F-16F7-4668-BE54-9A1E7A4F7556}") = "BookingAndReservationSystems.HttpApi.Host", "src\BookingAndReservationSystems.HttpApi.Host\BookingAndReservationSystems.HttpApi.Host.csproj", "{96E5259E-59A3-4FAF-BCD1-5BF8E74EF82C}"
EndProject
Project("{2150E333-8FDC-42A3-9474-1A3956D46DE8}") = "modules", "modules", "{02EA681E-C7D8-13C7-8484-4AC65E1B71E8}"
EndProject
Project("{FAE04EC0-301F-11D3-BF4B-00C04F79EFBC}") = "ReservationSystems.Application", "modules\reservationsystems\src\ReservationSystems.Application\ReservationSystems.Application.csproj", "{8BC3761D-04C1-E220-EBBF-E85CF3376C6D}"
EndProject
Project("{FAE04EC0-301F-11D3-BF4B-00C04F79EFBC}") = "ReservationSystems.Application.Contracts", "modules\reservationsystems\src\ReservationSystems.Application.Contracts\ReservationSystems.Application.Contracts.csproj", "{24F81A3C-35C2-A9D0-2D24-500B0968EC42}"
EndProject
Project("{FAE04EC0-301F-11D3-BF4B-00C04F79EFBC}") = "ReservationSystems.Domain", "modules\reservationsystems\src\ReservationSystems.Domain\ReservationSystems.Domain.csproj", "{ED3289D3-ADC1-1AA6-D100-8AA50164A439}"
EndProject
Project("{FAE04EC0-301F-11D3-BF4B-00C04F79EFBC}") = "ReservationSystems.Domain.Shared", "modules\reservationsystems\src\ReservationSystems.Domain.Shared\ReservationSystems.Domain.Shared.csproj", "{B65965C6-7662-5BA0-41E3-0326314C3AB5}"
EndProject
Project("{FAE04EC0-301F-11D3-BF4B-00C04F79EFBC}") = "ReservationSystems.EntityFrameworkCore", "modules\reservationsystems\src\ReservationSystems.EntityFrameworkCore\ReservationSystems.EntityFrameworkCore.csproj", "{13253E6A-309B-C105-5C64-D51B7BC1BC48}"
EndProject
Project("{FAE04EC0-301F-11D3-BF4B-00C04F79EFBC}") = "ReservationSystems.HttpApi", "modules\reservationsystems\src\ReservationSystems.HttpApi\ReservationSystems.HttpApi.csproj", "{3656263D-0BF8-3B98-8C8E-37D585A13261}"
EndProject
Project("{FAE04EC0-301F-11D3-BF4B-00C04F79EFBC}") = "ReservationSystems.HttpApi.Client", "modules\reservationsystems\src\ReservationSystems.HttpApi.Client\ReservationSystems.HttpApi.Client.csproj", "{D532DE6B-4310-99E2-1EA4-FBA06AFB78F0}"
EndProject
Project("{FAE04EC0-301F-11D3-BF4B-00C04F79EFBC}") = "ReservationSystems.Installer", "modules\reservationsystems\src\ReservationSystems.Installer\ReservationSystems.Installer.csproj", "{AA78A401-4038-9237-7F4F-DDA27F5F4551}"
EndProject
Global
	GlobalSection(SolutionConfigurationPlatforms) = preSolution
		Debug|Any CPU = Debug|Any CPU
		Release|Any CPU = Release|Any CPU
	EndGlobalSection
	GlobalSection(ProjectConfigurationPlatforms) = postSolution
		{554AD327-6DBA-4F8F-96F8-81CE7A0C863F}.Debug|Any CPU.ActiveCfg = Debug|Any CPU
		{554AD327-6DBA-4F8F-96F8-81CE7A0C863F}.Debug|Any CPU.Build.0 = Debug|Any CPU
		{554AD327-6DBA-4F8F-96F8-81CE7A0C863F}.Release|Any CPU.ActiveCfg = Release|Any CPU
		{554AD327-6DBA-4F8F-96F8-81CE7A0C863F}.Release|Any CPU.Build.0 = Release|Any CPU
		{1A94A50E-06DC-43C1-80B5-B662820EC3EB}.Debug|Any CPU.ActiveCfg = Debug|Any CPU
		{1A94A50E-06DC-43C1-80B5-B662820EC3EB}.Debug|Any CPU.Build.0 = Debug|Any CPU
		{1A94A50E-06DC-43C1-80B5-B662820EC3EB}.Release|Any CPU.ActiveCfg = Release|Any CPU
		{1A94A50E-06DC-43C1-80B5-B662820EC3EB}.Release|Any CPU.Build.0 = Release|Any CPU
		{C956DD76-69C8-4A9C-83EA-D17DF83340FD}.Debug|Any CPU.ActiveCfg = Debug|Any CPU
		{C956DD76-69C8-4A9C-83EA-D17DF83340FD}.Debug|Any CPU.Build.0 = Debug|Any CPU
		{C956DD76-69C8-4A9C-83EA-D17DF83340FD}.Release|Any CPU.ActiveCfg = Release|Any CPU
		{C956DD76-69C8-4A9C-83EA-D17DF83340FD}.Release|Any CPU.Build.0 = Release|Any CPU
		{50B2631D-129C-47B3-A587-029CCD6099BC}.Debug|Any CPU.ActiveCfg = Debug|Any CPU
		{50B2631D-129C-47B3-A587-029CCD6099BC}.Debug|Any CPU.Build.0 = Debug|Any CPU
		{50B2631D-129C-47B3-A587-029CCD6099BC}.Release|Any CPU.ActiveCfg = Release|Any CPU
		{50B2631D-129C-47B3-A587-029CCD6099BC}.Release|Any CPU.Build.0 = Release|Any CPU
		{42F719ED-8413-4895-B5B4-5AB56079BC66}.Debug|Any CPU.ActiveCfg = Debug|Any CPU
		{42F719ED-8413-4895-B5B4-5AB56079BC66}.Debug|Any CPU.Build.0 = Debug|Any CPU
		{42F719ED-8413-4895-B5B4-5AB56079BC66}.Release|Any CPU.ActiveCfg = Release|Any CPU
		{42F719ED-8413-4895-B5B4-5AB56079BC66}.Release|Any CPU.Build.0 = Release|Any CPU
		{520659C8-C734-4298-A3DA-B539DB9DFC0B}.Debug|Any CPU.ActiveCfg = Debug|Any CPU
		{520659C8-C734-4298-A3DA-B539DB9DFC0B}.Debug|Any CPU.Build.0 = Debug|Any CPU
		{520659C8-C734-4298-A3DA-B539DB9DFC0B}.Release|Any CPU.ActiveCfg = Release|Any CPU
		{520659C8-C734-4298-A3DA-B539DB9DFC0B}.Release|Any CPU.Build.0 = Release|Any CPU
		{4164BDF7-F527-4E85-9CE6-E3C2D7426A27}.Debug|Any CPU.ActiveCfg = Debug|Any CPU
		{4164BDF7-F527-4E85-9CE6-E3C2D7426A27}.Debug|Any CPU.Build.0 = Debug|Any CPU
		{4164BDF7-F527-4E85-9CE6-E3C2D7426A27}.Release|Any CPU.ActiveCfg = Release|Any CPU
		{4164BDF7-F527-4E85-9CE6-E3C2D7426A27}.Release|Any CPU.Build.0 = Release|Any CPU
		{3B5A0094-670D-4BB1-BFDD-61B88A8773DC}.Debug|Any CPU.ActiveCfg = Debug|Any CPU
		{3B5A0094-670D-4BB1-BFDD-61B88A8773DC}.Debug|Any CPU.Build.0 = Debug|Any CPU
		{3B5A0094-670D-4BB1-BFDD-61B88A8773DC}.Release|Any CPU.ActiveCfg = Release|Any CPU
		{3B5A0094-670D-4BB1-BFDD-61B88A8773DC}.Release|Any CPU.Build.0 = Release|Any CPU
		{1FE30EB9-74A9-47F5-A9F6-7B1FAB672D81}.Debug|Any CPU.ActiveCfg = Debug|Any CPU
		{1FE30EB9-74A9-47F5-A9F6-7B1FAB672D81}.Debug|Any CPU.Build.0 = Debug|Any CPU
		{1FE30EB9-74A9-47F5-A9F6-7B1FAB672D81}.Release|Any CPU.ActiveCfg = Release|Any CPU
		{1FE30EB9-74A9-47F5-A9F6-7B1FAB672D81}.Release|Any CPU.Build.0 = Release|Any CPU
		{91853F21-9CD9-4132-BC29-A7D5D84FFFE7}.Debug|Any CPU.ActiveCfg = Debug|Any CPU
		{91853F21-9CD9-4132-BC29-A7D5D84FFFE7}.Debug|Any CPU.Build.0 = Debug|Any CPU
		{91853F21-9CD9-4132-BC29-A7D5D84FFFE7}.Release|Any CPU.ActiveCfg = Release|Any CPU
		{91853F21-9CD9-4132-BC29-A7D5D84FFFE7}.Release|Any CPU.Build.0 = Release|Any CPU
		{E512F4D9-9375-480F-A2F6-A46509F9D824}.Debug|Any CPU.ActiveCfg = Debug|Any CPU
		{E512F4D9-9375-480F-A2F6-A46509F9D824}.Debug|Any CPU.Build.0 = Debug|Any CPU
		{E512F4D9-9375-480F-A2F6-A46509F9D824}.Release|Any CPU.ActiveCfg = Release|Any CPU
		{E512F4D9-9375-480F-A2F6-A46509F9D824}.Release|Any CPU.Build.0 = Release|Any CPU
		{EF480016-9127-4916-8735-D2466BDBC582}.Debug|Any CPU.ActiveCfg = Debug|Any CPU
		{EF480016-9127-4916-8735-D2466BDBC582}.Debug|Any CPU.Build.0 = Debug|Any CPU
		{EF480016-9127-4916-8735-D2466BDBC582}.Release|Any CPU.ActiveCfg = Release|Any CPU
		{EF480016-9127-4916-8735-D2466BDBC582}.Release|Any CPU.Build.0 = Release|Any CPU
		{70680696-BB1E-4383-BCB2-42C3767171FB}.Debug|Any CPU.ActiveCfg = Debug|Any CPU
		{70680696-BB1E-4383-BCB2-42C3767171FB}.Debug|Any CPU.Build.0 = Debug|Any CPU
		{70680696-BB1E-4383-BCB2-42C3767171FB}.Release|Any CPU.ActiveCfg = Release|Any CPU
		{70680696-BB1E-4383-BCB2-42C3767171FB}.Release|Any CPU.Build.0 = Release|Any CPU
		{96E5259E-59A3-4FAF-BCD1-5BF8E74EF82C}.Debug|Any CPU.ActiveCfg = Debug|Any CPU
		{96E5259E-59A3-4FAF-BCD1-5BF8E74EF82C}.Debug|Any CPU.Build.0 = Debug|Any CPU
		{96E5259E-59A3-4FAF-BCD1-5BF8E74EF82C}.Release|Any CPU.ActiveCfg = Release|Any CPU
		{96E5259E-59A3-4FAF-BCD1-5BF8E74EF82C}.Release|Any CPU.Build.0 = Release|Any CPU
		{8BC3761D-04C1-E220-EBBF-E85CF3376C6D}.Debug|Any CPU.ActiveCfg = Debug|Any CPU
		{8BC3761D-04C1-E220-EBBF-E85CF3376C6D}.Debug|Any CPU.Build.0 = Debug|Any CPU
		{8BC3761D-04C1-E220-EBBF-E85CF3376C6D}.Release|Any CPU.ActiveCfg = Release|Any CPU
		{8BC3761D-04C1-E220-EBBF-E85CF3376C6D}.Release|Any CPU.Build.0 = Release|Any CPU
		{24F81A3C-35C2-A9D0-2D24-500B0968EC42}.Debug|Any CPU.ActiveCfg = Debug|Any CPU
		{24F81A3C-35C2-A9D0-2D24-500B0968EC42}.Debug|Any CPU.Build.0 = Debug|Any CPU
		{24F81A3C-35C2-A9D0-2D24-500B0968EC42}.Release|Any CPU.ActiveCfg = Release|Any CPU
		{24F81A3C-35C2-A9D0-2D24-500B0968EC42}.Release|Any CPU.Build.0 = Release|Any CPU
		{ED3289D3-ADC1-1AA6-D100-8AA50164A439}.Debug|Any CPU.ActiveCfg = Debug|Any CPU
		{ED3289D3-ADC1-1AA6-D100-8AA50164A439}.Debug|Any CPU.Build.0 = Debug|Any CPU
		{ED3289D3-ADC1-1AA6-D100-8AA50164A439}.Release|Any CPU.ActiveCfg = Release|Any CPU
		{ED3289D3-ADC1-1AA6-D100-8AA50164A439}.Release|Any CPU.Build.0 = Release|Any CPU
		{B65965C6-7662-5BA0-41E3-0326314C3AB5}.Debug|Any CPU.ActiveCfg = Debug|Any CPU
		{B65965C6-7662-5BA0-41E3-0326314C3AB5}.Debug|Any CPU.Build.0 = Debug|Any CPU
		{B65965C6-7662-5BA0-41E3-0326314C3AB5}.Release|Any CPU.ActiveCfg = Release|Any CPU
		{B65965C6-7662-5BA0-41E3-0326314C3AB5}.Release|Any CPU.Build.0 = Release|Any CPU
		{13253E6A-309B-C105-5C64-D51B7BC1BC48}.Debug|Any CPU.ActiveCfg = Debug|Any CPU
		{13253E6A-309B-C105-5C64-D51B7BC1BC48}.Debug|Any CPU.Build.0 = Debug|Any CPU
		{13253E6A-309B-C105-5C64-D51B7BC1BC48}.Release|Any CPU.ActiveCfg = Release|Any CPU
		{13253E6A-309B-C105-5C64-D51B7BC1BC48}.Release|Any CPU.Build.0 = Release|Any CPU
		{3656263D-0BF8-3B98-8C8E-37D585A13261}.Debug|Any CPU.ActiveCfg = Debug|Any CPU
		{3656263D-0BF8-3B98-8C8E-37D585A13261}.Debug|Any CPU.Build.0 = Debug|Any CPU
		{3656263D-0BF8-3B98-8C8E-37D585A13261}.Release|Any CPU.ActiveCfg = Release|Any CPU
		{3656263D-0BF8-3B98-8C8E-37D585A13261}.Release|Any CPU.Build.0 = Release|Any CPU
		{D532DE6B-4310-99E2-1EA4-FBA06AFB78F0}.Debug|Any CPU.ActiveCfg = Debug|Any CPU
		{D532DE6B-4310-99E2-1EA4-FBA06AFB78F0}.Debug|Any CPU.Build.0 = Debug|Any CPU
		{D532DE6B-4310-99E2-1EA4-FBA06AFB78F0}.Release|Any CPU.ActiveCfg = Release|Any CPU
		{D532DE6B-4310-99E2-1EA4-FBA06AFB78F0}.Release|Any CPU.Build.0 = Release|Any CPU
		{AA78A401-4038-9237-7F4F-DDA27F5F4551}.Debug|Any CPU.ActiveCfg = Debug|Any CPU
		{AA78A401-4038-9237-7F4F-DDA27F5F4551}.Debug|Any CPU.Build.0 = Debug|Any CPU
		{AA78A401-4038-9237-7F4F-DDA27F5F4551}.Release|Any CPU.ActiveCfg = Release|Any CPU
		{AA78A401-4038-9237-7F4F-DDA27F5F4551}.Release|Any CPU.Build.0 = Release|Any CPU
	EndGlobalSection
	GlobalSection(SolutionProperties) = preSolution
		HideSolutionNode = FALSE
	EndGlobalSection
	GlobalSection(NestedProjects) = preSolution
		{554AD327-6DBA-4F8F-96F8-81CE7A0C863F} = {CA9AC87F-097E-4F15-8393-4BC07735A5B0}
		{1A94A50E-06DC-43C1-80B5-B662820EC3EB} = {CA9AC87F-097E-4F15-8393-4BC07735A5B0}
		{C956DD76-69C8-4A9C-83EA-D17DF83340FD} = {CA9AC87F-097E-4F15-8393-4BC07735A5B0}
		{50B2631D-129C-47B3-A587-029CCD6099BC} = {04DBDB01-70F4-4E06-B468-8F87850B22BE}
		{42F719ED-8413-4895-B5B4-5AB56079BC66} = {CA9AC87F-097E-4F15-8393-4BC07735A5B0}
		{520659C8-C734-4298-A3DA-B539DB9DFC0B} = {CA9AC87F-097E-4F15-8393-4BC07735A5B0}
		{4164BDF7-F527-4E85-9CE6-E3C2D7426A27} = {CA9AC87F-097E-4F15-8393-4BC07735A5B0}
		{3B5A0094-670D-4BB1-BFDD-61B88A8773DC} = {CA9AC87F-097E-4F15-8393-4BC07735A5B0}
		{1FE30EB9-74A9-47F5-A9F6-7B1FAB672D81} = {04DBDB01-70F4-4E06-B468-8F87850B22BE}
		{91853F21-9CD9-4132-BC29-A7D5D84FFFE7} = {04DBDB01-70F4-4E06-B468-8F87850B22BE}
		{E512F4D9-9375-480F-A2F6-A46509F9D824} = {04DBDB01-70F4-4E06-B468-8F87850B22BE}
		{EF480016-9127-4916-8735-D2466BDBC582} = {04DBDB01-70F4-4E06-B468-8F87850B22BE}
		{70680696-BB1E-4383-BCB2-42C3767171FB} = {CA9AC87F-097E-4F15-8393-4BC07735A5B0}
		{96E5259E-59A3-4FAF-BCD1-5BF8E74EF82C} = {CA9AC87F-097E-4F15-8393-4BC07735A5B0}
		{8BC3761D-04C1-E220-EBBF-E85CF3376C6D} = {02EA681E-C7D8-13C7-8484-4AC65E1B71E8}
		{24F81A3C-35C2-A9D0-2D24-500B0968EC42} = {02EA681E-C7D8-13C7-8484-4AC65E1B71E8}
		{ED3289D3-ADC1-1AA6-D100-8AA50164A439} = {02EA681E-C7D8-13C7-8484-4AC65E1B71E8}
		{B65965C6-7662-5BA0-41E3-0326314C3AB5} = {02EA681E-C7D8-13C7-8484-4AC65E1B71E8}
		{13253E6A-309B-C105-5C64-D51B7BC1BC48} = {02EA681E-C7D8-13C7-8484-4AC65E1B71E8}
		{3656263D-0BF8-3B98-8C8E-37D585A13261} = {02EA681E-C7D8-13C7-8484-4AC65E1B71E8}
		{D532DE6B-4310-99E2-1EA4-FBA06AFB78F0} = {02EA681E-C7D8-13C7-8484-4AC65E1B71E8}
		{AA78A401-4038-9237-7F4F-DDA27F5F4551} = {02EA681E-C7D8-13C7-8484-4AC65E1B71E8}
	EndGlobalSection
	GlobalSection(ExtensibilityGlobals) = postSolution
		SolutionGuid = {28315BFD-90E7-4E14-A2EA-F3D23AF4126F}
	EndGlobalSection
EndGlobal
